
Microsoft Visual Studio Solution File, Format Version 12.00
# Visual Studio Version 17
VisualStudioVersion = 17.9.34607.119
MinimumVisualStudioVersion = 10.0.40219.1
Project("{9A19103F-16F7-4668-BE54-9A1E7A4F7556}") = "API", "API\API.csproj", "{0BF39A58-3786-42F4-8D33-E5FC5850D925}"
EndProject
Project("{9A19103F-16F7-4668-BE54-9A1E7A4F7556}") = "Shared", "Shared\Shared.csproj", "{09150BF6-7FF2-4A23-B672-E6B8984FD5B9}"
EndProject
Project("{FAE04EC0-301F-11D3-BF4B-00C04F79EFBC}") = "Application", "Application\Application.csproj", "{F04EB140-2EDB-4E1F-B131-3A39F7D4F185}"
EndProject
Project("{FAE04EC0-301F-11D3-BF4B-00C04F79EFBC}") = "Persistence", "Persistence\Persistence.csproj", "{4C865222-EBD6-4587-8DF0-F4FB2112ABC2}"
EndProject
Global
	GlobalSection(SolutionConfigurationPlatforms) = preSolution
		Debug|Any CPU = Debug|Any CPU
		Release|Any CPU = Release|Any CPU
	EndGlobalSection
	GlobalSection(ProjectConfigurationPlatforms) = postSolution
		{0BF39A58-3786-42F4-8D33-E5FC5850D925}.Debug|Any CPU.ActiveCfg = Debug|Any CPU
		{0BF39A58-3786-42F4-8D33-E5FC5850D925}.Debug|Any CPU.Build.0 = Debug|Any CPU
		{0BF39A58-3786-42F4-8D33-E5FC5850D925}.Release|Any CPU.ActiveCfg = Release|Any CPU
		{0BF39A58-3786-42F4-8D33-E5FC5850D925}.Release|Any CPU.Build.0 = Release|Any CPU
		{09150BF6-7FF2-4A23-B672-E6B8984FD5B9}.Debug|Any CPU.ActiveCfg = Debug|Any CPU
		{09150BF6-7FF2-4A23-B672-E6B8984FD5B9}.Debug|Any CPU.Build.0 = Debug|Any CPU
		{09150BF6-7FF2-4A23-B672-E6B8984FD5B9}.Release|Any CPU.ActiveCfg = Release|Any CPU
		{09150BF6-7FF2-4A23-B672-E6B8984FD5B9}.Release|Any CPU.Build.0 = Release|Any CPU
		{F04EB140-2EDB-4E1F-B131-3A39F7D4F185}.Debug|Any CPU.ActiveCfg = Debug|Any CPU
		{F04EB140-2EDB-4E1F-B131-3A39F7D4F185}.Debug|Any CPU.Build.0 = Debug|Any CPU
		{F04EB140-2EDB-4E1F-B131-3A39F7D4F185}.Release|Any CPU.ActiveCfg = Release|Any CPU
		{F04EB140-2EDB-4E1F-B131-3A39F7D4F185}.Release|Any CPU.Build.0 = Release|Any CPU
		{4C865222-EBD6-4587-8DF0-F4FB2112ABC2}.Debug|Any CPU.ActiveCfg = Debug|Any CPU
		{4C865222-EBD6-4587-8DF0-F4FB2112ABC2}.Debug|Any CPU.Build.0 = Debug|Any CPU
		{4C865222-EBD6-4587-8DF0-F4FB2112ABC2}.Release|Any CPU.ActiveCfg = Release|Any CPU
		{4C865222-EBD6-4587-8DF0-F4FB2112ABC2}.Release|Any CPU.Build.0 = Release|Any CPU
	EndGlobalSection
	GlobalSection(SolutionProperties) = preSolution
		HideSolutionNode = FALSE
	EndGlobalSection
	GlobalSection(ExtensibilityGlobals) = postSolution
		SolutionGuid = {58DB7415-65A1-4CB9-8001-69BA662D7BF3}
	EndGlobalSection
EndGlobal
